github.com/238Studio/child-nodes-assist v1.16.0 h1:nwkd+1fmquvqffpovZMVHRV+SP+Ud4CiS+O56ZcJFws=
github.com/238Studio/child-nodes-assist v1.16.0/go.mod h1:eq60S6x26vRQpnf/kwsomPZHyzwyZDn4REgQVdLHTv8=
github.com/238Studio/child-nodes-net-service v1.2.0 h1:oyGW1+7BI0Hc0Z2K7RmEbDS+aJxCah2v4KPfxTsSok4=
github.com/238Studio/child-nodes-net-service v1.2.0/go.mod h1:6LVEvHAPuIZw8+GTa0FyXpRELIjgx+ztaCtR94xoaUk=
